
Microsoft Visual Studio Solution File, Format Version 12.00
# Visual Studio Version 17
VisualStudioVersion = 17.0.31912.275
MinimumVisualStudioVersion = 10.0.40219.1
Project("{FAE04EC0-301F-11D3-BF4B-00C04F79EFBC}") = "NaitusTest", "NaitusTest.csproj", "{011D9AF9-DDB6-4D07-AAC6-4584BFB3EC80}"
EndProject
Global
	GlobalSection(SolutionConfigurationPlatforms) = preSolution
		Debug|Any CPU = Debug|Any CPU
		Release|Any CPU = Release|Any CPU
	EndGlobalSection
	GlobalSection(ProjectConfigurationPlatforms) = postSolution
		{011D9AF9-DDB6-4D07-AAC6-4584BFB3EC80}.Debug|Any CPU.ActiveCfg = Debug|Any CPU
		{011D9AF9-DDB6-4D07-AAC6-4584BFB3EC80}.Debug|Any CPU.Build.0 = Debug|Any CPU
		{011D9AF9-DDB6-4D07-AAC6-4584BFB3EC80}.Release|Any CPU.ActiveCfg = Release|Any CPU
		{011D9AF9-DDB6-4D07-AAC6-4584BFB3EC80}.Release|Any CPU.Build.0 = Release|Any CPU
	EndGlobalSection
	GlobalSection(SolutionProperties) = preSolution
		HideSolutionNode = FALSE
	EndGlobalSection
	GlobalSection(ExtensibilityGlobals) = postSolution
		SolutionGuid = {3F819F1D-13DA-4EFE-B646-10A48862FEC0}
	EndGlobalSection
EndGlobal
